
Microsoft Visual Studio Solution File, Format Version 12.00
# Visual Studio Version 16
VisualStudioVersion = 16.0.29326.143
MinimumVisualStudioVersion = 10.0.40219.1
Project("{9A19103F-16F7-4668-BE54-9A1E7A4F7556}") = "GildedRose.Business", "GildedRose.Business\GildedRose.Business.csproj", "{1F507908-8F93-48B7-B171-5FA44587DBD3}"
EndProject
Project("{9A19103F-16F7-4668-BE54-9A1E7A4F7556}") = "GildedRose.ConsoleApp", "GildedRose.ConsoleApp\GildedRose.ConsoleApp.csproj", "{52C0DA78-F50D-4D30-9DCE-B2545DCD1CCF}"
EndProject
Project("{9A19103F-16F7-4668-BE54-9A1E7A4F7556}") = "GildedStore.NUnitTests", "GildedStore.NUnitTests\GildedStore.NUnitTests.csproj", "{99F0A5AE-32E5-4575-8281-4B2091B01832}"
EndProject
Global
	GlobalSection(SolutionConfigurationPlatforms) = preSolution
		Debug|Any CPU = Debug|Any CPU
		Release|Any CPU = Release|Any CPU
	EndGlobalSection
	GlobalSection(ProjectConfigurationPlatforms) = postSolution
		{1F507908-8F93-48B7-B171-5FA44587DBD3}.Debug|Any CPU.ActiveCfg = Debug|Any CPU
		{1F507908-8F93-48B7-B171-5FA44587DBD3}.Debug|Any CPU.Build.0 = Debug|Any CPU
		{1F507908-8F93-48B7-B171-5FA44587DBD3}.Release|Any CPU.ActiveCfg = Release|Any CPU
		{1F507908-8F93-48B7-B171-5FA44587DBD3}.Release|Any CPU.Build.0 = Release|Any CPU
		{52C0DA78-F50D-4D30-9DCE-B2545DCD1CCF}.Debug|Any CPU.ActiveCfg = Debug|Any CPU
		{52C0DA78-F50D-4D30-9DCE-B2545DCD1CCF}.Debug|Any CPU.Build.0 = Debug|Any CPU
		{52C0DA78-F50D-4D30-9DCE-B2545DCD1CCF}.Release|Any CPU.ActiveCfg = Release|Any CPU
		{52C0DA78-F50D-4D30-9DCE-B2545DCD1CCF}.Release|Any CPU.Build.0 = Release|Any CPU
		{99F0A5AE-32E5-4575-8281-4B2091B01832}.Debug|Any CPU.ActiveCfg = Debug|Any CPU
		{99F0A5AE-32E5-4575-8281-4B2091B01832}.Debug|Any CPU.Build.0 = Debug|Any CPU
		{99F0A5AE-32E5-4575-8281-4B2091B01832}.Release|Any CPU.ActiveCfg = Release|Any CPU
		{99F0A5AE-32E5-4575-8281-4B2091B01832}.Release|Any CPU.Build.0 = Release|Any CPU
	EndGlobalSection
	GlobalSection(SolutionProperties) = preSolution
		HideSolutionNode = FALSE
	EndGlobalSection
	GlobalSection(ExtensibilityGlobals) = postSolution
		SolutionGuid = {5E1BF115-59D8-4C30-964F-6E2A974DAB0C}
	EndGlobalSection
EndGlobal
