
Microsoft Visual Studio Solution File, Format Version 12.00
# Visual Studio 15
VisualStudioVersion = 15.0.28307.757
MinimumVisualStudioVersion = 10.0.40219.1
Project("{9A19103F-16F7-4668-BE54-9A1E7A4F7556}") = "csharpcore", "csharpcore.csproj", "{BCBB8CB2-31E4-4661-B530-6B98FC054E73}"
EndProject
Project("{FAE04EC0-301F-11D3-BF4B-00C04F79EFBC}") = "GildedRose.Business", "GildedRose.Business\GildedRose.Business.csproj", "{1F507908-8F93-48B7-B171-5FA44587DBD3}"
EndProject
Project("{FAE04EC0-301F-11D3-BF4B-00C04F79EFBC}") = "GildedRose.ConsoleApp", "GildedRose.ConsoleApp\GildedRose.ConsoleApp.csproj", "{52C0DA78-F50D-4D30-9DCE-B2545DCD1CCF}"
EndProject
Project("{FAE04EC0-301F-11D3-BF4B-00C04F79EFBC}") = "GildedRose.UnitTests", "GildedRose.UnitTests\GildedRose.UnitTests.csproj", "{5A90CB08-3B85-403D-A032-B4F4F79114F5}"
EndProject
Global
	GlobalSection(SolutionConfigurationPlatforms) = preSolution
		Debug|Any CPU = Debug|Any CPU
		Release|Any CPU = Release|Any CPU
	EndGlobalSection
	GlobalSection(ProjectConfigurationPlatforms) = postSolution
		{BCBB8CB2-31E4-4661-B530-6B98FC054E73}.Debug|Any CPU.ActiveCfg = Debug|Any CPU
		{BCBB8CB2-31E4-4661-B530-6B98FC054E73}.Debug|Any CPU.Build.0 = Debug|Any CPU
		{BCBB8CB2-31E4-4661-B530-6B98FC054E73}.Release|Any CPU.ActiveCfg = Release|Any CPU
		{BCBB8CB2-31E4-4661-B530-6B98FC054E73}.Release|Any CPU.Build.0 = Release|Any CPU
		{1F507908-8F93-48B7-B171-5FA44587DBD3}.Debug|Any CPU.ActiveCfg = Debug|Any CPU
		{1F507908-8F93-48B7-B171-5FA44587DBD3}.Debug|Any CPU.Build.0 = Debug|Any CPU
		{1F507908-8F93-48B7-B171-5FA44587DBD3}.Release|Any CPU.ActiveCfg = Release|Any CPU
		{1F507908-8F93-48B7-B171-5FA44587DBD3}.Release|Any CPU.Build.0 = Release|Any CPU
		{52C0DA78-F50D-4D30-9DCE-B2545DCD1CCF}.Debug|Any CPU.ActiveCfg = Debug|Any CPU
		{52C0DA78-F50D-4D30-9DCE-B2545DCD1CCF}.Debug|Any CPU.Build.0 = Debug|Any CPU
		{52C0DA78-F50D-4D30-9DCE-B2545DCD1CCF}.Release|Any CPU.ActiveCfg = Release|Any CPU
		{52C0DA78-F50D-4D30-9DCE-B2545DCD1CCF}.Release|Any CPU.Build.0 = Release|Any CPU
		{5A90CB08-3B85-403D-A032-B4F4F79114F5}.Debug|Any CPU.ActiveCfg = Debug|Any CPU
		{5A90CB08-3B85-403D-A032-B4F4F79114F5}.Debug|Any CPU.Build.0 = Debug|Any CPU
		{5A90CB08-3B85-403D-A032-B4F4F79114F5}.Release|Any CPU.ActiveCfg = Release|Any CPU
		{5A90CB08-3B85-403D-A032-B4F4F79114F5}.Release|Any CPU.Build.0 = Release|Any CPU
	EndGlobalSection
	GlobalSection(SolutionProperties) = preSolution
		HideSolutionNode = FALSE
	EndGlobalSection
	GlobalSection(ExtensibilityGlobals) = postSolution
		SolutionGuid = {5E1BF115-59D8-4C30-964F-6E2A974DAB0C}
	EndGlobalSection
EndGlobal
